// !$*UTF8*$!
{
	archiveVersion = 1;
	classes = {
	};
	objectVersion = 46;
	objects = {

/* Begin PBXBuildFile section */
		3E86BED61EB6825100D090BF /* AppDelegate.swift in Sources */ = {isa = PBXBuildFile; fileRef = 3E86BED51EB6825100D090BF /* AppDelegate.swift */; };
		3E86BED81EB6825100D090BF /* ViewController.swift in Sources */ = {isa = PBXBuildFile; fileRef = 3E86BED71EB6825100D090BF /* ViewController.swift */; };
		3E86BEDB1EB6825100D090BF /* Main.storyboard in Resources */ = {isa = PBXBuildFile; fileRef = 3E86BED91EB6825100D090BF /* Main.storyboard */; };
		3E86BEDD1EB6825100D090BF /* Assets.xcassets in Resources */ = {isa = PBXBuildFile; fileRef = 3E86BEDC1EB6825100D090BF /* Assets.xcassets */; };
		3E86BEE01EB6825100D090BF /* LaunchScreen.storyboard in Resources */ = {isa = PBXBuildFile; fileRef = 3E86BEDE1EB6825100D090BF /* LaunchScreen.storyboard */; };
/* End PBXBuildFile section */

/* Begin PBXFileReference section */
		3E86BED21EB6825100D090BF /* DungeonDice.app */ = {isa = PBXFileReference; explicitFileType = wrapper.application; includeInIndex = 0; path = DungeonDice.app; sourceTree = BUILT_PRODUCTS_DIR; };
		3E86BED51EB6825100D090BF /* AppDelegate.swift */ = {isa = PBXFileReference; lastKnownFileType = sourcecode.swift; path = AppDelegate.swift; sourceTree = "<group>"; };
		3E86BED71EB6825100D090BF /* ViewController.swift */ = {isa = PBXFileReference; lastKnownFileType = sourcecode.swift; path = ViewController.swift; sourceTree = "<group>"; };
		3E86BEDA1EB6825100D090BF /* Base */ = {isa = PBXFileReference; lastKnownFileType = file.storyboard; name = Base; path = Base.lproj/Main.storyboard; sourceTree = "<group>"; };
		3E86BEDC1EB6825100D090BF /* Assets.xcassets */ = {isa = PBXFileReference; lastKnownFileType = folder.assetcatalog; path = Assets.xcassets; sourceTree = "<group>"; };
		3E86BEDF1EB6825100D090BF /* Base */ = {isa = PBXFileReference; lastKnownFileType = file.storyboard; name = Base; path = Base.lproj/LaunchScreen.storyboard; sourceTree = "<group>"; };
		3E86BEE11EB6825100D090BF /* Info.plist */ = {isa = PBXFileReference; lastKnownFileType = text.plist.xml; path = Info.plist; sourceTree = "<group>"; };
/* End PBXFileReference section */

/* Begin PBXFrameworksBuildPhase section */
		3E86BECF1EB6825100D090BF /* Frameworks */ = {
			isa = PBXFrameworksBuildPhase;
			buildActionMask = 2147483647;
			files = (
			);
			runOnlyForDeploymentPostprocessing = 0;
		};
/* End PBXFrameworksBuildPhase section */

/* Begin PBXGroup section */
		3E86BEC91EB6825100D090BF = {
			isa = PBXGroup;
			children = (
				3E86BED41EB6825100D090BF /* DungeonDice */,
				3E86BED31EB6825100D090BF /* Products */,
			);
			sourceTree = "<group>";
		};
		3E86BED31EB6825100D090BF /* Products */ = {
			isa = PBXGroup;
			children = (
				3E86BED21EB6825100D090BF /* DungeonDice.app */,
			);
			name = Products;
			sourceTree = "<group>";
		};
		3E86BED41EB6825100D090BF /* DungeonDice */ = {
			isa = PBXGroup;
			children = (
				3E86BED51EB6825100D090BF /* AppDelegate.swift */,
				3E86BED71EB6825100D090BF /* ViewController.swift */,
				3E86BED91EB6825100D090BF /* Main.storyboard */,
				3E86BEDC1EB6825100D090BF /* Assets.xcassets */,
				3E86BEDE1EB6825100D090BF /* LaunchScreen.storyboard */,
				3E86BEE11EB6825100D090BF /* Info.plist */,
			);
			path = DungeonDice;
			sourceTree = "<group>";
		};
/* End PBXGroup section */

/* Begin PBXNativeTarget section */
		3E86BED11EB6825100D090BF /* DungeonDice */ = {
			isa = PBXNativeTarget;
			buildConfigurationList = 3E86BEE41EB6825100D090BF /* Build configuration list for PBXNativeTarget "DungeonDice" */;
			buildPhases = (
				3E86BECE1EB6825100D090BF /* Sources */,
				3E86BECF1EB6825100D090BF /* Frameworks */,
				3E86BED01EB6825100D090BF /* Resources */,
			);
			buildRules = (
			);
			dependencies = (
			);
			name = DungeonDice;
			productName = DungeonDice;
			productReference = 3E86BED21EB6825100D090BF /* DungeonDice.app */;
			productType = "com.apple.product-type.application";
		};
/* End PBXNativeTarget section */

/* Begin PBXProject section */
		3E86BECA1EB6825100D090BF /* Project object */ = {
			isa = PBXProject;
			attributes = {
				LastSwiftUpdateCheck = 0830;
				LastUpgradeCheck = 0830;
				ORGANIZATIONNAME = Gallaugher;
				TargetAttributes = {
					3E86BED11EB6825100D090BF = {
						CreatedOnToolsVersion = 8.3.2;
						DevelopmentTeam = 9937BJYLPH;
						ProvisioningStyle = Automatic;
					};
				};
			};
			buildConfigurationList = 3E86BECD1EB6825100D090BF /* Build configuration list for PBXProject "DungeonDice" */;
			compatibilityVersion = "Xcode 3.2";
			developmentRegion = English;
			hasScannedForEncodings = 0;
			knownRegions = (
				en,
				Base,
			);
			mainGroup = 3E86BEC91EB6825100D090BF;
			productRefGroup = 3E86BED31EB6825100D090BF /* Products */;
			projectDirPath = "";
			projectRoot = "";
			targets = (
				3E86BED11EB6825100D090BF /* DungeonDice */,
			);
		};
/* End PBXProject section */

/* Begin PBXResourcesBuildPhase section */
		3E86BED01EB6825100D090BF /* Resources */ = {
			isa = PBXResourcesBuildPhase;
			buildActionMask = 2147483647;
			files = (
				3E86BEE01EB6825100D090BF /* LaunchScreen.storyboard in Resources */,
				3E86BEDD1EB6825100D090BF /* Assets.xcassets in Resources */,
				3E86BEDB1EB6825100D090BF /* Main.storyboard in Resources */,
			);
			runOnlyForDeploymentPostprocessing = 0;
		};
/* End PBXResourcesBuildPhase section */

/* Begin PBXSourcesBuildPhase section */
		3E86BECE1EB6825100D090BF /* Sources */ = {
			isa = PBXSourcesBuildPhase;
			buildActionMask = 2147483647;
			files = (
				3E86BED81EB6825100D090BF /* ViewController.swift in Sources */,
				3E86BED61EB6825100D090BF /* AppDelegate.swift in Sources */,
			);
			runOnlyForDeploymentPostprocessing = 0;
		};
/* End PBXSourcesBuildPhase section */

/* Begin PBXVariantGroup section */
		3E86BED91EB6825100D090BF /* Main.storyboard */ = {
			isa = PBXVariantGroup;
			children = (
				3E86BEDA1EB6825100D090BF /* Base */,
			);
			name = Main.storyboard;
			sourceTree = "<group>";
		};
		3E86BEDE1EB6825100D090BF /* LaunchScreen.storyboard */ = {
			isa = PBXVariantGroup;
			children = (
				3E86BEDF1EB6825100D090BF /* Base */,
			);
			name = LaunchScreen.storyboard;
			sourceTree = "<group>";
		};
/* End PBXVariantGroup section */

/* Begin XCBuildConfiguration section */
		3E86BEE21EB6825100D090BF /* Debug */ = {
			isa = XCBuildConfiguration;
			buildSettings = {
				ALWAYS_SEARCH_USER_PATHS = NO;
				CLANG_ANALYZER_NONNULL = YES;
				CLANG_ANALYZER_NUMBER_OBJECT_CONVERSION = YES_AGGRESSIVE;
				CLANG_CXX_LANGUAGE_STANDARD = "gnu++0x";
				CLANG_CXX_LIBRARY = "libc++";
				CLANG_ENABLE_MODULES = YES;
				CLANG_ENABLE_OBJC_ARC = YES;
				CLANG_WARN_BOOL_CONVERSION = YES;
				CLANG_WARN_CONSTANT_CONVERSION = YES;
				CLANG_WARN_DIRECT_OBJC_ISA_USAGE = YES_ERROR;
				CLANG_WARN_DOCUMENTATION_COMMENTS = YES;
				CLANG_WARN_EMPTY_BODY = YES;
				CLANG_WARN_ENUM_CONVERSION = YES;
				CLANG_WARN_INFINITE_RECURSION = YES;
				CLANG_WARN_INT_CONVERSION = YES;
				CLANG_WARN_OBJC_ROOT_CLASS = YES_ERROR;
				CLANG_WARN_SUSPICIOUS_MOVE = YES;
				CLANG_WARN_UNREACHABLE_CODE = YES;
				CLANG_WARN__DUPLICATE_METHOD_MATCH = YES;
				"CODE_SIGN_IDENTITY[sdk=iphoneos*]" = "iPhone Developer";
				COPY_PHASE_STRIP = NO;
				DEBUG_INFORMATION_FORMAT = dwarf;
				ENABLE_STRICT_OBJC_MSGSEND = YES;
				ENABLE_TESTABILITY = YES;
				GCC_C_LANGUAGE_STANDARD = gnu99;
				GCC_DYNAMIC_NO_PIC = NO;
				GCC_NO_COMMON_BLOCKS = YES;
				GCC_OPTIMIZATION_LEVEL = 0;
				GCC_PREPROCESSOR_DEFINITIONS = (
					"DEBUG=1",
					"$(inherited)",
				);
				GCC_WARN_64_TO_32_BIT_CONVERSION = YES;
				GCC_WARN_ABOUT_RETURN_TYPE = YES_ERROR;
				GCC_WARN_UNDECLARED_SELECTOR = YES;
				GCC_WARN_UNINITIALIZED_AUTOS = YES_AGGRESSIVE;
				GCC_WARN_UNUSED_FUNCTION = YES;
				GCC_WARN_UNUSED_VARIABLE = YES;
				IPHONEOS_DEPLOYMENT_TARGET = 10.3;
				MTL_ENABLE_DEBUG_INFO = YES;
				ONLY_ACTIVE_ARCH = YES;
				SDKROOT = iphoneos;
				SWIFT_ACTIVE_COMPILATION_CONDITIONS = DEBUG;
				SWIFT_OPTIMIZATION_LEVEL = "-Onone";
				TARGETED_DEVICE_FAMILY = "1,2";
			};
			name = Debug;
		};
		3E86BEE31EB6825100D090BF /* Release */ = {
			isa = XCBuildConfiguration;
			buildSettings = {
				ALWAYS_SEARCH_USER_PATHS = NO;
				CLANG_ANALYZER_NONNULL = YES;
				CLANG_ANALYZER_NUMBER_OBJECT_CONVERSION = YES_AGGRESSIVE;
				CLANG_CXX_LANGUAGE_STANDARD = "gnu++0x";
				CLANG_CXX_LIBRARY = "libc++";
				CLANG_ENABLE_MODULES = YES;
				CLANG_ENABLE_OBJC_ARC = YES;
				CLANG_WARN_BOOL_CONVERSION = YES;
				CLANG_WARN_CONSTANT_CONVERSION = YES;
				CLANG_WARN_DIRECT_OBJC_ISA_USAGE = YES_ERROR;
				CLANG_WARN_DOCUMENTATION_COMMENTS = YES;
				CLANG_WARN_EMPTY_BODY = YES;
				CLANG_WARN_ENUM_CONVERSION = YES;
				CLANG_WARN_INFINITE_RECURSION = YES;
				CLANG_WARN_INT_CONVERSION = YES;
				CLANG_WARN_OBJC_ROOT_CLASS = YES_ERROR;
				CLANG_WARN_SUSPICIOUS_MOVE = YES;
				CLANG_WARN_UNREACHABLE_CODE = YES;
				CLANG_WARN__DUPLICATE_METHOD_MATCH = YES;
				"CODE_SIGN_IDENTITY[sdk=iphoneos*]" = "iPhone Developer";
				COPY_PHASE_STRIP = NO;
				DEBUG_INFORMATION_FORMAT = "dwarf-with-dsym";
				ENABLE_NS_ASSERTIONS = NO;
				ENABLE_STRICT_OBJC_MSGSEND = YES;
				GCC_C_LANGUAGE_STANDARD = gnu99;
				GCC_NO_COMMON_BLOCKS = YES;
				GCC_WARN_64_TO_32_BIT_CONVERSION = YES;
				GCC_WARN_ABOUT_RETURN_TYPE = YES_ERROR;
				GCC_WARN_UNDECLARED_SELECTOR = YES;
				GCC_WARN_UNINITIALIZED_AUTOS = YES_AGGRESSIVE;
				GCC_WARN_UNUSED_FUNCTION = YES;
				GCC_WARN_UNUSED_VARIABLE = YES;
				IPHONEOS_DEPLOYMENT_TARGET = 10.3;
				MTL_ENABLE_DEBUG_INFO = NO;
				SDKROOT = iphoneos;
				SWIFT_OPTIMIZATION_LEVEL = "-Owholemodule";
				TARGETED_DEVICE_FAMILY = "1,2";
				VALIDATE_PRODUCT = YES;
			};
			name = Release;
		};
		3E86BEE51EB6825100D090BF /* Debug */ = {
			isa = XCBuildConfiguration;
			buildSettings = {
				ASSETCATALOG_COMPILER_APPICON_NAME = AppIcon;
				DEVELOPMENT_TEAM = 9937BJYLPH;
				INFOPLIST_FILE = DungeonDice/Info.plist;
				LD_RUNPATH_SEARCH_PATHS = "$(inherited) @executable_path/Frameworks";
				PRODUCT_BUNDLE_IDENTIFIER = com.gallaugher.DungeonDice;
				PRODUCT_NAME = "$(TARGET_NAME)";
				SWIFT_VERSION = 3.0;
			};
			name = Debug;
		};
		3E86BEE61EB6825100D090BF /* Release */ = {
			isa = XCBuildConfiguration;
			buildSettings = {
				ASSETCATALOG_COMPILER_APPICON_NAME = AppIcon;
				DEVELOPMENT_TEAM = 9937BJYLPH;
				INFOPLIST_FILE = DungeonDice/Info.plist;
				LD_RUNPATH_SEARCH_PATHS = "$(inherited) @executable_path/Frameworks";
				PRODUCT_BUNDLE_IDENTIFIER = com.gallaugher.DungeonDice;
				PRODUCT_NAME = "$(TARGET_NAME)";
				SWIFT_VERSION = 3.0;
			};
			name = Release;
		};
/* End XCBuildConfiguration section */

/* Begin XCConfigurationList section */
		3E86BECD1EB6825100D090BF /* Build configuration list for PBXProject "DungeonDice" */ = {
			isa = XCConfigurationList;
			buildConfigurations = (
				3E86BEE21EB6825100D090BF /* Debug */,
				3E86BEE31EB6825100D090BF /* Release */,
			);
			defaultConfigurationIsVisible = 0;
			defaultConfigurationName = Release;
		};
		3E86BEE41EB6825100D090BF /* Build configuration list for PBXNativeTarget "DungeonDice" */ = {
			isa = XCConfigurationList;
			buildConfigurations = (
				3E86BEE51EB6825100D090BF /* Debug */,
				3E86BEE61EB6825100D090BF /* Release */,
			);
			defaultConfigurationIsVisible = 0;
		};
/* End XCConfigurationList section */
	};
	rootObject = 3E86BECA1EB6825100D090BF /* Project object */;
}
